
Microsoft Visual Studio Solution File, Format Version 12.00
# Visual Studio Version 17
VisualStudioVersion = 17.8.34309.116
MinimumVisualStudioVersion = 10.0.40219.1
Project("{9A19103F-16F7-4668-BE54-9A1E7A4F7556}") = "system-reporter-v1", "system-reporter-v1\system-reporter-v1.csproj", "{745A00FB-3E31-4A7F-992B-9348A098AF20}"
EndProject
Project("{9A19103F-16F7-4668-BE54-9A1E7A4F7556}") = "hardware-connetion-monitor", "hardware-connetion-monitor\hardware-connetion-monitor.csproj", "{B13E3559-735E-4A10-B5A0-E4E25FD850F1}"
EndProject
Project("{9A19103F-16F7-4668-BE54-9A1E7A4F7556}") = "system-reporter-v2", "system-reporter-v2\system-reporter-v2.csproj", "{F78F220B-7B45-488D-919C-13A96822F52A}"
EndProject
Project("{9A19103F-16F7-4668-BE54-9A1E7A4F7556}") = "system-reporter-v2.Tests", "system-reporter-v2.Tests\system-reporter-v2.Tests.csproj", "{2E919CAB-F7EB-4ECA-8A6E-04900C79C2B3}"
EndProject
Project("{9A19103F-16F7-4668-BE54-9A1E7A4F7556}") = "system-reporter-oop", "system-reporter-oop\system-reporter-oop.csproj", "{C0214922-74CC-4E2B-B656-B712D7A28C47}"
EndProject
Project("{FAE04EC0-301F-11D3-BF4B-00C04F79EFBC}") = "system-reporter-oop.Tests", "system-reporter-oop.Tests\system-reporter-oop.Tests.csproj", "{0BC682D6-4E0D-4C14-B6BB-96D1B940EB51}"
EndProject
Project("{9A19103F-16F7-4668-BE54-9A1E7A4F7556}") = "system-reporter-v3", "system-reporter-v3\system-reporter-v3.csproj", "{4AC9B3C7-62DF-4BBE-9F68-3287D18530A1}"
EndProject
Project("{FAE04EC0-301F-11D3-BF4B-00C04F79EFBC}") = "system-reporter-v3.Tests", "system-reporter-v3.Tests\system-reporter-v3.Tests.csproj", "{B3FDFE2D-F30E-4480-AFB6-6CFE8C26313D}"
EndProject
Global
	GlobalSection(SolutionConfigurationPlatforms) = preSolution
		Debug|Any CPU = Debug|Any CPU
		Release|Any CPU = Release|Any CPU
	EndGlobalSection
	GlobalSection(ProjectConfigurationPlatforms) = postSolution
		{745A00FB-3E31-4A7F-992B-9348A098AF20}.Debug|Any CPU.ActiveCfg = Debug|Any CPU
		{745A00FB-3E31-4A7F-992B-9348A098AF20}.Debug|Any CPU.Build.0 = Debug|Any CPU
		{745A00FB-3E31-4A7F-992B-9348A098AF20}.Release|Any CPU.ActiveCfg = Release|Any CPU
		{745A00FB-3E31-4A7F-992B-9348A098AF20}.Release|Any CPU.Build.0 = Release|Any CPU
		{B13E3559-735E-4A10-B5A0-E4E25FD850F1}.Debug|Any CPU.ActiveCfg = Debug|Any CPU
		{B13E3559-735E-4A10-B5A0-E4E25FD850F1}.Debug|Any CPU.Build.0 = Debug|Any CPU
		{B13E3559-735E-4A10-B5A0-E4E25FD850F1}.Release|Any CPU.ActiveCfg = Release|Any CPU
		{B13E3559-735E-4A10-B5A0-E4E25FD850F1}.Release|Any CPU.Build.0 = Release|Any CPU
		{F78F220B-7B45-488D-919C-13A96822F52A}.Debug|Any CPU.ActiveCfg = Debug|Any CPU
		{F78F220B-7B45-488D-919C-13A96822F52A}.Debug|Any CPU.Build.0 = Debug|Any CPU
		{F78F220B-7B45-488D-919C-13A96822F52A}.Release|Any CPU.ActiveCfg = Release|Any CPU
		{F78F220B-7B45-488D-919C-13A96822F52A}.Release|Any CPU.Build.0 = Release|Any CPU
		{2E919CAB-F7EB-4ECA-8A6E-04900C79C2B3}.Debug|Any CPU.ActiveCfg = Debug|Any CPU
		{2E919CAB-F7EB-4ECA-8A6E-04900C79C2B3}.Debug|Any CPU.Build.0 = Debug|Any CPU
		{2E919CAB-F7EB-4ECA-8A6E-04900C79C2B3}.Release|Any CPU.ActiveCfg = Release|Any CPU
		{2E919CAB-F7EB-4ECA-8A6E-04900C79C2B3}.Release|Any CPU.Build.0 = Release|Any CPU
		{C0214922-74CC-4E2B-B656-B712D7A28C47}.Debug|Any CPU.ActiveCfg = Debug|Any CPU
		{C0214922-74CC-4E2B-B656-B712D7A28C47}.Debug|Any CPU.Build.0 = Debug|Any CPU
		{C0214922-74CC-4E2B-B656-B712D7A28C47}.Release|Any CPU.ActiveCfg = Release|Any CPU
		{C0214922-74CC-4E2B-B656-B712D7A28C47}.Release|Any CPU.Build.0 = Release|Any CPU
		{0BC682D6-4E0D-4C14-B6BB-96D1B940EB51}.Debug|Any CPU.ActiveCfg = Debug|Any CPU
		{0BC682D6-4E0D-4C14-B6BB-96D1B940EB51}.Debug|Any CPU.Build.0 = Debug|Any CPU
		{0BC682D6-4E0D-4C14-B6BB-96D1B940EB51}.Release|Any CPU.ActiveCfg = Release|Any CPU
		{0BC682D6-4E0D-4C14-B6BB-96D1B940EB51}.Release|Any CPU.Build.0 = Release|Any CPU
		{4AC9B3C7-62DF-4BBE-9F68-3287D18530A1}.Debug|Any CPU.ActiveCfg = Debug|Any CPU
		{4AC9B3C7-62DF-4BBE-9F68-3287D18530A1}.Debug|Any CPU.Build.0 = Debug|Any CPU
		{4AC9B3C7-62DF-4BBE-9F68-3287D18530A1}.Release|Any CPU.ActiveCfg = Release|Any CPU
		{4AC9B3C7-62DF-4BBE-9F68-3287D18530A1}.Release|Any CPU.Build.0 = Release|Any CPU
		{B3FDFE2D-F30E-4480-AFB6-6CFE8C26313D}.Debug|Any CPU.ActiveCfg = Debug|Any CPU
		{B3FDFE2D-F30E-4480-AFB6-6CFE8C26313D}.Debug|Any CPU.Build.0 = Debug|Any CPU
		{B3FDFE2D-F30E-4480-AFB6-6CFE8C26313D}.Release|Any CPU.ActiveCfg = Release|Any CPU
		{B3FDFE2D-F30E-4480-AFB6-6CFE8C26313D}.Release|Any CPU.Build.0 = Release|Any CPU
	EndGlobalSection
	GlobalSection(SolutionProperties) = preSolution
		HideSolutionNode = FALSE
	EndGlobalSection
	GlobalSection(ExtensibilityGlobals) = postSolution
		SolutionGuid = {481D302E-4A68-40B4-8A6D-F74980F6E4A6}
	EndGlobalSection
EndGlobal
