
Microsoft Visual Studio Solution File, Format Version 12.00
# Visual Studio Version 17
VisualStudioVersion = 17.8.34309.116
MinimumVisualStudioVersion = 10.0.40219.1
Project("{9A19103F-16F7-4668-BE54-9A1E7A4F7556}") = "system-reporter-v1", "system-reporter-v1\system-reporter-v1.csproj", "{745A00FB-3E31-4A7F-992B-9348A098AF20}"
EndProject
Project("{9A19103F-16F7-4668-BE54-9A1E7A4F7556}") = "hardware-connetion-monitor", "hardware-connetion-monitor\hardware-connetion-monitor.csproj", "{B13E3559-735E-4A10-B5A0-E4E25FD850F1}"
EndProject
Global
	GlobalSection(SolutionConfigurationPlatforms) = preSolution
		Debug|Any CPU = Debug|Any CPU
		Release|Any CPU = Release|Any CPU
	EndGlobalSection
	GlobalSection(ProjectConfigurationPlatforms) = postSolution
		{745A00FB-3E31-4A7F-992B-9348A098AF20}.Debug|Any CPU.ActiveCfg = Debug|Any CPU
		{745A00FB-3E31-4A7F-992B-9348A098AF20}.Debug|Any CPU.Build.0 = Debug|Any CPU
		{745A00FB-3E31-4A7F-992B-9348A098AF20}.Release|Any CPU.ActiveCfg = Release|Any CPU
		{745A00FB-3E31-4A7F-992B-9348A098AF20}.Release|Any CPU.Build.0 = Release|Any CPU
		{B13E3559-735E-4A10-B5A0-E4E25FD850F1}.Debug|Any CPU.ActiveCfg = Debug|Any CPU
		{B13E3559-735E-4A10-B5A0-E4E25FD850F1}.Debug|Any CPU.Build.0 = Debug|Any CPU
		{B13E3559-735E-4A10-B5A0-E4E25FD850F1}.Release|Any CPU.ActiveCfg = Release|Any CPU
		{B13E3559-735E-4A10-B5A0-E4E25FD850F1}.Release|Any CPU.Build.0 = Release|Any CPU
	EndGlobalSection
	GlobalSection(SolutionProperties) = preSolution
		HideSolutionNode = FALSE
	EndGlobalSection
	GlobalSection(ExtensibilityGlobals) = postSolution
		SolutionGuid = {481D302E-4A68-40B4-8A6D-F74980F6E4A6}
	EndGlobalSection
EndGlobal
